
Microsoft Visual Studio Solution File, Format Version 12.00
# Visual Studio Version 17
VisualStudioVersion = 17.14.36414.22 d17.14
MinimumVisualStudioVersion = 10.0.40219.1
Project("{FAE04EC0-301F-11D3-BF4B-00C04F79EFBC}") = "OndasAPI", "OndasAPI\OndasAPI.csproj", "{E3DC2C34-9AE8-4055-8CB2-5D4EAE9C4041}"
EndProject
Project("{E53339B2-1760-4266-BCC7-CA923CBCF16C}") = "docker-compose", "docker-compose.dcproj", "{81DDED9D-158B-E303-5F62-77A2896D2A5A}"
EndProject
Global
	GlobalSection(SolutionConfigurationPlatforms) = preSolution
		Debug|Any CPU = Debug|Any CPU
		Release|Any CPU = Release|Any CPU
	EndGlobalSection
	GlobalSection(ProjectConfigurationPlatforms) = postSolution
		{E3DC2C34-9AE8-4055-8CB2-5D4EAE9C4041}.Debug|Any CPU.ActiveCfg = Debug|Any CPU
		{E3DC2C34-9AE8-4055-8CB2-5D4EAE9C4041}.Debug|Any CPU.Build.0 = Debug|Any CPU
		{E3DC2C34-9AE8-4055-8CB2-5D4EAE9C4041}.Release|Any CPU.ActiveCfg = Release|Any CPU
		{E3DC2C34-9AE8-4055-8CB2-5D4EAE9C4041}.Release|Any CPU.Build.0 = Release|Any CPU
		{81DDED9D-158B-E303-5F62-77A2896D2A5A}.Debug|Any CPU.ActiveCfg = Debug|Any CPU
		{81DDED9D-158B-E303-5F62-77A2896D2A5A}.Debug|Any CPU.Build.0 = Debug|Any CPU
		{81DDED9D-158B-E303-5F62-77A2896D2A5A}.Release|Any CPU.ActiveCfg = Release|Any CPU
		{81DDED9D-158B-E303-5F62-77A2896D2A5A}.Release|Any CPU.Build.0 = Release|Any CPU
	EndGlobalSection
	GlobalSection(SolutionProperties) = preSolution
		HideSolutionNode = FALSE
	EndGlobalSection
	GlobalSection(ExtensibilityGlobals) = postSolution
		SolutionGuid = {C4593A83-2301-439C-82C2-637FAD6CA91A}
	EndGlobalSection
EndGlobal
